
Microsoft Visual Studio Solution File, Format Version 12.00
# Visual Studio Version 16
VisualStudioVersion = 16.0.29519.87
MinimumVisualStudioVersion = 10.0.40219.1
Project("{FAE04EC0-301F-11D3-BF4B-00C04F79EFBC}") = "JWTAuthentication", "JWTAuthentication.csproj", "{7E5358CB-E876-4171-BACB-49670CB83D90}"
EndProject
Global
	GlobalSection(SolutionConfigurationPlatforms) = preSolution
		Debug|Any CPU = Debug|Any CPU
		Release|Any CPU = Release|Any CPU
	EndGlobalSection
	GlobalSection(ProjectConfigurationPlatforms) = postSolution
		{7E5358CB-E876-4171-BACB-49670CB83D90}.Debug|Any CPU.ActiveCfg = Debug|Any CPU
		{7E5358CB-E876-4171-BACB-49670CB83D90}.Debug|Any CPU.Build.0 = Debug|Any CPU
		{7E5358CB-E876-4171-BACB-49670CB83D90}.Release|Any CPU.ActiveCfg = Release|Any CPU
		{7E5358CB-E876-4171-BACB-49670CB83D90}.Release|Any CPU.Build.0 = Release|Any CPU
	EndGlobalSection
	GlobalSection(SolutionProperties) = preSolution
		HideSolutionNode = FALSE
	EndGlobalSection
	GlobalSection(ExtensibilityGlobals) = postSolution
		SolutionGuid = {5D07F74C-F505-4AD7-B0F4-AB20B6F6776F}
	EndGlobalSection
EndGlobal
